# THIS IS AN AUTOGENERATED FILE. DO NOT EDIT THIS FILE DIRECTLY.
# yarn lockfile v1


cookie@^1.0.1:
  version "1.0.2"
  resolved "https://registry.yarnpkg.com/cookie/-/cookie-1.0.2.tgz#27360701532116bd3f1f9416929d176afe1e4610"
  integrity sha512-9Kr/j4O16ISv8zBBhJoi4bXOYNTkFLOqSL3UDB0njXxCXNezjeyVrJyGOWtgfs/q2km1gwBcfH8q1yEGoMYunA==

react-router-dom@^7.7.1:
  version "7.7.1"
  resolved "https://registry.yarnpkg.com/react-router-dom/-/react-router-dom-7.7.1.tgz#456d1053dda5e1c1328a2b6b2359f6a1c47072fc"
  integrity sha512-bavdk2BA5r3MYalGKZ01u8PGuDBloQmzpBZVhDLrOOv1N943Wq6dcM9GhB3x8b7AbqPMEezauv4PeGkAJfy7FQ==
  dependencies:
    react-router "7.7.1"

react-router@7.7.1:
  version "7.7.1"
  resolved "https://registry.yarnpkg.com/react-router/-/react-router-7.7.1.tgz#c12ebbad162da655951dd79325f205f7238d609e"
  integrity sha512-jVKHXoWRIsD/qS6lvGveckwb862EekvapdHJN/cGmzw40KnJH5gg53ujOJ4qX6EKIK9LSBfFed/xiQ5yeXNrUA==
  dependencies:
    cookie "^1.0.1"
    set-cookie-parser "^2.6.0"

set-cookie-parser@^2.6.0:
  version "2.7.1"
  resolved "https://registry.yarnpkg.com/set-cookie-parser/-/set-cookie-parser-2.7.1.tgz#3016f150072202dfbe90fadee053573cc89d2943"
  integrity sha512-IOc8uWeOZgnb3ptbCURJWNjWUPcO3ZnTTdzsurqERrP6nPyv+paC55vJM0LpOlT2ne+Ix+9+CRG1MNLlyZ4GjQ==
